// !$*UTF8*$!
{
	archiveVersion = 1;
	classes = {
	};
	objectVersion = 56;
	objects = {

/* Begin PBXBuildFile section */
		144811132AEAADF300582F76 /* AppDelegate.swift in Sources */ = {isa = PBXBuildFile; fileRef = 144811122AEAADF300582F76 /* AppDelegate.swift */; };
		144811152AEAADF300582F76 /* SceneDelegate.swift in Sources */ = {isa = PBXBuildFile; fileRef = 144811142AEAADF300582F76 /* SceneDelegate.swift */; };
		144811172AEAADF300582F76 /* ViewController.swift in Sources */ = {isa = PBXBuildFile; fileRef = 144811162AEAADF300582F76 /* ViewController.swift */; };
		1448111A2AEAADF300582F76 /* Main.storyboard in Resources */ = {isa = PBXBuildFile; fileRef = 144811182AEAADF300582F76 /* Main.storyboard */; };
		1448111D2AEAADF300582F76 /* SaveNotes.xcdatamodeld in Sources */ = {isa = PBXBuildFile; fileRef = 1448111B2AEAADF300582F76 /* SaveNotes.xcdatamodeld */; };
		1448111F2AEAADF400582F76 /* Assets.xcassets in Resources */ = {isa = PBXBuildFile; fileRef = 1448111E2AEAADF400582F76 /* Assets.xcassets */; };
		144811222AEAADF400582F76 /* LaunchScreen.storyboard in Resources */ = {isa = PBXBuildFile; fileRef = 144811202AEAADF400582F76 /* LaunchScreen.storyboard */; };
		1448112D2AEAADF400582F76 /* SaveNotesTests.swift in Sources */ = {isa = PBXBuildFile; fileRef = 1448112C2AEAADF400582F76 /* SaveNotesTests.swift */; };
		144811372AEAADF400582F76 /* SaveNotesUITests.swift in Sources */ = {isa = PBXBuildFile; fileRef = 144811362AEAADF400582F76 /* SaveNotesUITests.swift */; };
		144811392AEAADF400582F76 /* SaveNotesUITestsLaunchTests.swift in Sources */ = {isa = PBXBuildFile; fileRef = 144811382AEAADF400582F76 /* SaveNotesUITestsLaunchTests.swift */; };
/* End PBXBuildFile section */

/* Begin PBXContainerItemProxy section */
		144811292AEAADF400582F76 /* PBXContainerItemProxy */ = {
			isa = PBXContainerItemProxy;
			containerPortal = 144811072AEAADF300582F76 /* Project object */;
			proxyType = 1;
			remoteGlobalIDString = 1448110E2AEAADF300582F76;
			remoteInfo = SaveNotes;
		};
		144811332AEAADF400582F76 /* PBXContainerItemProxy */ = {
			isa = PBXContainerItemProxy;
			containerPortal = 144811072AEAADF300582F76 /* Project object */;
			proxyType = 1;
			remoteGlobalIDString = 1448110E2AEAADF300582F76;
			remoteInfo = SaveNotes;
		};
/* End PBXContainerItemProxy section */

/* Begin PBXFileReference section */
		1448110F2AEAADF300582F76 /* SaveNotes.app */ = {isa = PBXFileReference; explicitFileType = wrapper.application; includeInIndex = 0; path = SaveNotes.app; sourceTree = BUILT_PRODUCTS_DIR; };
		144811122AEAADF300582F76 /* AppDelegate.swift */ = {isa = PBXFileReference; lastKnownFileType = sourcecode.swift; path = AppDelegate.swift; sourceTree = "<group>"; };
		144811142AEAADF300582F76 /* SceneDelegate.swift */ = {isa = PBXFileReference; lastKnownFileType = sourcecode.swift; path = SceneDelegate.swift; sourceTree = "<group>"; };
		144811162AEAADF300582F76 /* ViewController.swift */ = {isa = PBXFileReference; lastKnownFileType = sourcecode.swift; path = ViewController.swift; sourceTree = "<group>"; };
		144811192AEAADF300582F76 /* Base */ = {isa = PBXFileReference; lastKnownFileType = file.storyboard; name = Base; path = Base.lproj/Main.storyboard; sourceTree = "<group>"; };
		1448111C2AEAADF300582F76 /* SaveNotes.xcdatamodel */ = {isa = PBXFileReference; lastKnownFileType = wrapper.xcdatamodel; path = SaveNotes.xcdatamodel; sourceTree = "<group>"; };
		1448111E2AEAADF400582F76 /* Assets.xcassets */ = {isa = PBXFileReference; lastKnownFileType = folder.assetcatalog; path = Assets.xcassets; sourceTree = "<group>"; };
		144811212AEAADF400582F76 /* Base */ = {isa = PBXFileReference; lastKnownFileType = file.storyboard; name = Base; path = Base.lproj/LaunchScreen.storyboard; sourceTree = "<group>"; };
		144811232AEAADF400582F76 /* Info.plist */ = {isa = PBXFileReference; lastKnownFileType = text.plist.xml; path = Info.plist; sourceTree = "<group>"; };
		144811282AEAADF400582F76 /* SaveNotesTests.xctest */ = {isa = PBXFileReference; explicitFileType = wrapper.cfbundle; includeInIndex = 0; path = SaveNotesTests.xctest; sourceTree = BUILT_PRODUCTS_DIR; };
		1448112C2AEAADF400582F76 /* SaveNotesTests.swift */ = {isa = PBXFileReference; lastKnownFileType = sourcecode.swift; path = SaveNotesTests.swift; sourceTree = "<group>"; };
		144811322AEAADF400582F76 /* SaveNotesUITests.xctest */ = {isa = PBXFileReference; explicitFileType = wrapper.cfbundle; includeInIndex = 0; path = SaveNotesUITests.xctest; sourceTree = BUILT_PRODUCTS_DIR; };
		144811362AEAADF400582F76 /* SaveNotesUITests.swift */ = {isa = PBXFileReference; lastKnownFileType = sourcecode.swift; path = SaveNotesUITests.swift; sourceTree = "<group>"; };
		144811382AEAADF400582F76 /* SaveNotesUITestsLaunchTests.swift */ = {isa = PBXFileReference; lastKnownFileType = sourcecode.swift; path = SaveNotesUITestsLaunchTests.swift; sourceTree = "<group>"; };
/* End PBXFileReference section */

/* Begin PBXFrameworksBuildPhase section */
		1448110C2AEAADF300582F76 /* Frameworks */ = {
			isa = PBXFrameworksBuildPhase;
			buildActionMask = 2147483647;
			files = (
			);
			runOnlyForDeploymentPostprocessing = 0;
		};
		144811252AEAADF400582F76 /* Frameworks */ = {
			isa = PBXFrameworksBuildPhase;
			buildActionMask = 2147483647;
			files = (
			);
			runOnlyForDeploymentPostprocessing = 0;
		};
		1448112F2AEAADF400582F76 /* Frameworks */ = {
			isa = PBXFrameworksBuildPhase;
			buildActionMask = 2147483647;
			files = (
			);
			runOnlyForDeploymentPostprocessing = 0;
		};
/* End PBXFrameworksBuildPhase section */

/* Begin PBXGroup section */
		144811062AEAADF300582F76 = {
			isa = PBXGroup;
			children = (
				144811112AEAADF300582F76 /* SaveNotes */,
				1448112B2AEAADF400582F76 /* SaveNotesTests */,
				144811352AEAADF400582F76 /* SaveNotesUITests */,
				144811102AEAADF300582F76 /* Products */,
			);
			sourceTree = "<group>";
		};
		144811102AEAADF300582F76 /* Products */ = {
			isa = PBXGroup;
			children = (
				1448110F2AEAADF300582F76 /* SaveNotes.app */,
				144811282AEAADF400582F76 /* SaveNotesTests.xctest */,
				144811322AEAADF400582F76 /* SaveNotesUITests.xctest */,
			);
			name = Products;
			sourceTree = "<group>";
		};
		144811112AEAADF300582F76 /* SaveNotes */ = {
			isa = PBXGroup;
			children = (
				144811122AEAADF300582F76 /* AppDelegate.swift */,
				144811142AEAADF300582F76 /* SceneDelegate.swift */,
				144811162AEAADF300582F76 /* ViewController.swift */,
				144811182AEAADF300582F76 /* Main.storyboard */,
				1448111E2AEAADF400582F76 /* Assets.xcassets */,
				144811202AEAADF400582F76 /* LaunchScreen.storyboard */,
				144811232AEAADF400582F76 /* Info.plist */,
				1448111B2AEAADF300582F76 /* SaveNotes.xcdatamodeld */,
			);
			path = SaveNotes;
			sourceTree = "<group>";
		};
		1448112B2AEAADF400582F76 /* SaveNotesTests */ = {
			isa = PBXGroup;
			children = (
				1448112C2AEAADF400582F76 /* SaveNotesTests.swift */,
			);
			path = SaveNotesTests;
			sourceTree = "<group>";
		};
		144811352AEAADF400582F76 /* SaveNotesUITests */ = {
			isa = PBXGroup;
			children = (
				144811362AEAADF400582F76 /* SaveNotesUITests.swift */,
				144811382AEAADF400582F76 /* SaveNotesUITestsLaunchTests.swift */,
			);
			path = SaveNotesUITests;
			sourceTree = "<group>";
		};
/* End PBXGroup section */

/* Begin PBXNativeTarget section */
		1448110E2AEAADF300582F76 /* SaveNotes */ = {
			isa = PBXNativeTarget;
			buildConfigurationList = 1448113C2AEAADF400582F76 /* Build configuration list for PBXNativeTarget "SaveNotes" */;
			buildPhases = (
				1448110B2AEAADF300582F76 /* Sources */,
				1448110C2AEAADF300582F76 /* Frameworks */,
				1448110D2AEAADF300582F76 /* Resources */,
			);
			buildRules = (
			);
			dependencies = (
			);
			name = SaveNotes;
			productName = SaveNotes;
			productReference = 1448110F2AEAADF300582F76 /* SaveNotes.app */;
			productType = "com.apple.product-type.application";
		};
		144811272AEAADF400582F76 /* SaveNotesTests */ = {
			isa = PBXNativeTarget;
			buildConfigurationList = 1448113F2AEAADF400582F76 /* Build configuration list for PBXNativeTarget "SaveNotesTests" */;
			buildPhases = (
				144811242AEAADF400582F76 /* Sources */,
				144811252AEAADF400582F76 /* Frameworks */,
				144811262AEAADF400582F76 /* Resources */,
			);
			buildRules = (
			);
			dependencies = (
				1448112A2AEAADF400582F76 /* PBXTargetDependency */,
			);
			name = SaveNotesTests;
			productName = SaveNotesTests;
			productReference = 144811282AEAADF400582F76 /* SaveNotesTests.xctest */;
			productType = "com.apple.product-type.bundle.unit-test";
		};
		144811312AEAADF400582F76 /* SaveNotesUITests */ = {
			isa = PBXNativeTarget;
			buildConfigurationList = 144811422AEAADF400582F76 /* Build configuration list for PBXNativeTarget "SaveNotesUITests" */;
			buildPhases = (
				1448112E2AEAADF400582F76 /* Sources */,
				1448112F2AEAADF400582F76 /* Frameworks */,
				144811302AEAADF400582F76 /* Resources */,
			);
			buildRules = (
			);
			dependencies = (
				144811342AEAADF400582F76 /* PBXTargetDependency */,
			);
			name = SaveNotesUITests;
			productName = SaveNotesUITests;
			productReference = 144811322AEAADF400582F76 /* SaveNotesUITests.xctest */;
			productType = "com.apple.product-type.bundle.ui-testing";
		};
/* End PBXNativeTarget section */

/* Begin PBXProject section */
		144811072AEAADF300582F76 /* Project object */ = {
			isa = PBXProject;
			attributes = {
				BuildIndependentTargetsInParallel = 1;
				LastSwiftUpdateCheck = 1430;
				LastUpgradeCheck = 1430;
				TargetAttributes = {
					1448110E2AEAADF300582F76 = {
						CreatedOnToolsVersion = 14.3.1;
					};
					144811272AEAADF400582F76 = {
						CreatedOnToolsVersion = 14.3.1;
						TestTargetID = 1448110E2AEAADF300582F76;
					};
					144811312AEAADF400582F76 = {
						CreatedOnToolsVersion = 14.3.1;
						TestTargetID = 1448110E2AEAADF300582F76;
					};
				};
			};
			buildConfigurationList = 1448110A2AEAADF300582F76 /* Build configuration list for PBXProject "SaveNotes" */;
			compatibilityVersion = "Xcode 14.0";
			developmentRegion = en;
			hasScannedForEncodings = 0;
			knownRegions = (
				en,
				Base,
			);
			mainGroup = 144811062AEAADF300582F76;
			productRefGroup = 144811102AEAADF300582F76 /* Products */;
			projectDirPath = "";
			projectRoot = "";
			targets = (
				1448110E2AEAADF300582F76 /* SaveNotes */,
				144811272AEAADF400582F76 /* SaveNotesTests */,
				144811312AEAADF400582F76 /* SaveNotesUITests */,
			);
		};
/* End PBXProject section */

/* Begin PBXResourcesBuildPhase section */
		1448110D2AEAADF300582F76 /* Resources */ = {
			isa = PBXResourcesBuildPhase;
			buildActionMask = 2147483647;
			files = (
				144811222AEAADF400582F76 /* LaunchScreen.storyboard in Resources */,
				1448111F2AEAADF400582F76 /* Assets.xcassets in Resources */,
				1448111A2AEAADF300582F76 /* Main.storyboard in Resources */,
			);
			runOnlyForDeploymentPostprocessing = 0;
		};
		144811262AEAADF400582F76 /* Resources */ = {
			isa = PBXResourcesBuildPhase;
			buildActionMask = 2147483647;
			files = (
			);
			runOnlyForDeploymentPostprocessing = 0;
		};
		144811302AEAADF400582F76 /* Resources */ = {
			isa = PBXResourcesBuildPhase;
			buildActionMask = 2147483647;
			files = (
			);
			runOnlyForDeploymentPostprocessing = 0;
		};
/* End PBXResourcesBuildPhase section */

/* Begin PBXSourcesBuildPhase section */
		1448110B2AEAADF300582F76 /* Sources */ = {
			isa = PBXSourcesBuildPhase;
			buildActionMask = 2147483647;
			files = (
				144811172AEAADF300582F76 /* ViewController.swift in Sources */,
				144811132AEAADF300582F76 /* AppDelegate.swift in Sources */,
				1448111D2AEAADF300582F76 /* SaveNotes.xcdatamodeld in Sources */,
				144811152AEAADF300582F76 /* SceneDelegate.swift in Sources */,
			);
			runOnlyForDeploymentPostprocessing = 0;
		};
		144811242AEAADF400582F76 /* Sources */ = {
			isa = PBXSourcesBuildPhase;
			buildActionMask = 2147483647;
			files = (
				1448112D2AEAADF400582F76 /* SaveNotesTests.swift in Sources */,
			);
			runOnlyForDeploymentPostprocessing = 0;
		};
		1448112E2AEAADF400582F76 /* Sources */ = {
			isa = PBXSourcesBuildPhase;
			buildActionMask = 2147483647;
			files = (
				144811372AEAADF400582F76 /* SaveNotesUITests.swift in Sources */,
				144811392AEAADF400582F76 /* SaveNotesUITestsLaunchTests.swift in Sources */,
			);
			runOnlyForDeploymentPostprocessing = 0;
		};
/* End PBXSourcesBuildPhase section */

/* Begin PBXTargetDependency section */
		1448112A2AEAADF400582F76 /* PBXTargetDependency */ = {
			isa = PBXTargetDependency;
			target = 1448110E2AEAADF300582F76 /* SaveNotes */;
			targetProxy = 144811292AEAADF400582F76 /* PBXContainerItemProxy */;
		};
		144811342AEAADF400582F76 /* PBXTargetDependency */ = {
			isa = PBXTargetDependency;
			target = 1448110E2AEAADF300582F76 /* SaveNotes */;
			targetProxy = 144811332AEAADF400582F76 /* PBXContainerItemProxy */;
		};
/* End PBXTargetDependency section */

/* Begin PBXVariantGroup section */
		144811182AEAADF300582F76 /* Main.storyboard */ = {
			isa = PBXVariantGroup;
			children = (
				144811192AEAADF300582F76 /* Base */,
			);
			name = Main.storyboard;
			sourceTree = "<group>";
		};
		144811202AEAADF400582F76 /* LaunchScreen.storyboard */ = {
			isa = PBXVariantGroup;
			children = (
				144811212AEAADF400582F76 /* Base */,
			);
			name = LaunchScreen.storyboard;
			sourceTree = "<group>";
		};
/* End PBXVariantGroup section */

/* Begin XCBuildConfiguration section */
		1448113A2AEAADF400582F76 /* Debug */ = {
			isa = XCBuildConfiguration;
			buildSettings = {
				ALWAYS_SEARCH_USER_PATHS = NO;
				CLANG_ANALYZER_NONNULL = YES;
				CLANG_ANALYZER_NUMBER_OBJECT_CONVERSION = YES_AGGRESSIVE;
				CLANG_CXX_LANGUAGE_STANDARD = "gnu++20";
				CLANG_ENABLE_MODULES = YES;
				CLANG_ENABLE_OBJC_ARC = YES;
				CLANG_ENABLE_OBJC_WEAK = YES;
				CLANG_WARN_BLOCK_CAPTURE_AUTORELEASING = YES;
				CLANG_WARN_BOOL_CONVERSION = YES;
				CLANG_WARN_COMMA = YES;
				CLANG_WARN_CONSTANT_CONVERSION = YES;
				CLANG_WARN_DEPRECATED_OBJC_IMPLEMENTATIONS = YES;
				CLANG_WARN_DIRECT_OBJC_ISA_USAGE = YES_ERROR;
				CLANG_WARN_DOCUMENTATION_COMMENTS = YES;
				CLANG_WARN_EMPTY_BODY = YES;
				CLANG_WARN_ENUM_CONVERSION = YES;
				CLANG_WARN_INFINITE_RECURSION = YES;
				CLANG_WARN_INT_CONVERSION = YES;
				CLANG_WARN_NON_LITERAL_NULL_CONVERSION = YES;
				CLANG_WARN_OBJC_IMPLICIT_RETAIN_SELF = YES;
				CLANG_WARN_OBJC_LITERAL_CONVERSION = YES;
				CLANG_WARN_OBJC_ROOT_CLASS = YES_ERROR;
				CLANG_WARN_QUOTED_INCLUDE_IN_FRAMEWORK_HEADER = YES;
				CLANG_WARN_RANGE_LOOP_ANALYSIS = YES;
				CLANG_WARN_STRICT_PROTOTYPES = YES;
				CLANG_WARN_SUSPICIOUS_MOVE = YES;
				CLANG_WARN_UNGUARDED_AVAILABILITY = YES_AGGRESSIVE;
				CLANG_WARN_UNREACHABLE_CODE = YES;
				CLANG_WARN__DUPLICATE_METHOD_MATCH = YES;
				COPY_PHASE_STRIP = NO;
				DEBUG_INFORMATION_FORMAT = dwarf;
				ENABLE_STRICT_OBJC_MSGSEND = YES;
				ENABLE_TESTABILITY = YES;
				GCC_C_LANGUAGE_STANDARD = gnu11;
				GCC_DYNAMIC_NO_PIC = NO;
				GCC_NO_COMMON_BLOCKS = YES;
				GCC_OPTIMIZATION_LEVEL = 0;
				GCC_PREPROCESSOR_DEFINITIONS = (
					"DEBUG=1",
					"$(inherited)",
				);
				GCC_WARN_64_TO_32_BIT_CONVERSION = YES;
				GCC_WARN_ABOUT_RETURN_TYPE = YES_ERROR;
				GCC_WARN_UNDECLARED_SELECTOR = YES;
				GCC_WARN_UNINITIALIZED_AUTOS = YES_AGGRESSIVE;
				GCC_WARN_UNUSED_FUNCTION = YES;
				GCC_WARN_UNUSED_VARIABLE = YES;
				IPHONEOS_DEPLOYMENT_TARGET = 16.4;
				MTL_ENABLE_DEBUG_INFO = INCLUDE_SOURCE;
				MTL_FAST_MATH = YES;
				ONLY_ACTIVE_ARCH = YES;
				SDKROOT = iphoneos;
				SWIFT_ACTIVE_COMPILATION_CONDITIONS = DEBUG;
				SWIFT_OPTIMIZATION_LEVEL = "-Onone";
			};
			name = Debug;
		};
		1448113B2AEAADF400582F76 /* Release */ = {
			isa = XCBuildConfiguration;
			buildSettings = {
				ALWAYS_SEARCH_USER_PATHS = NO;
				CLANG_ANALYZER_NONNULL = YES;
				CLANG_ANALYZER_NUMBER_OBJECT_CONVERSION = YES_AGGRESSIVE;
				CLANG_CXX_LANGUAGE_STANDARD = "gnu++20";
				CLANG_ENABLE_MODULES = YES;
				CLANG_ENABLE_OBJC_ARC = YES;
				CLANG_ENABLE_OBJC_WEAK = YES;
				CLANG_WARN_BLOCK_CAPTURE_AUTORELEASING = YES;
				CLANG_WARN_BOOL_CONVERSION = YES;
				CLANG_WARN_COMMA = YES;
				CLANG_WARN_CONSTANT_CONVERSION = YES;
				CLANG_WARN_DEPRECATED_OBJC_IMPLEMENTATIONS = YES;
				CLANG_WARN_DIRECT_OBJC_ISA_USAGE = YES_ERROR;
				CLANG_WARN_DOCUMENTATION_COMMENTS = YES;
				CLANG_WARN_EMPTY_BODY = YES;
				CLANG_WARN_ENUM_CONVERSION = YES;
				CLANG_WARN_INFINITE_RECURSION = YES;
				CLANG_WARN_INT_CONVERSION = YES;
				CLANG_WARN_NON_LITERAL_NULL_CONVERSION = YES;
				CLANG_WARN_OBJC_IMPLICIT_RETAIN_SELF = YES;
				CLANG_WARN_OBJC_LITERAL_CONVERSION = YES;
				CLANG_WARN_OBJC_ROOT_CLASS = YES_ERROR;
				CLANG_WARN_QUOTED_INCLUDE_IN_FRAMEWORK_HEADER = YES;
				CLANG_WARN_RANGE_LOOP_ANALYSIS = YES;
				CLANG_WARN_STRICT_PROTOTYPES = YES;
				CLANG_WARN_SUSPICIOUS_MOVE = YES;
				CLANG_WARN_UNGUARDED_AVAILABILITY = YES_AGGRESSIVE;
				CLANG_WARN_UNREACHABLE_CODE = YES;
				CLANG_WARN__DUPLICATE_METHOD_MATCH = YES;
				COPY_PHASE_STRIP = NO;
				DEBUG_INFORMATION_FORMAT = "dwarf-with-dsym";
				ENABLE_NS_ASSERTIONS = NO;
				ENABLE_STRICT_OBJC_MSGSEND = YES;
				GCC_C_LANGUAGE_STANDARD = gnu11;
				GCC_NO_COMMON_BLOCKS = YES;
				GCC_WARN_64_TO_32_BIT_CONVERSION = YES;
				GCC_WARN_ABOUT_RETURN_TYPE = YES_ERROR;
				GCC_WARN_UNDECLARED_SELECTOR = YES;
				GCC_WARN_UNINITIALIZED_AUTOS = YES_AGGRESSIVE;
				GCC_WARN_UNUSED_FUNCTION = YES;
				GCC_WARN_UNUSED_VARIABLE = YES;
				IPHONEOS_DEPLOYMENT_TARGET = 16.4;
				MTL_ENABLE_DEBUG_INFO = NO;
				MTL_FAST_MATH = YES;
				SDKROOT = iphoneos;
				SWIFT_COMPILATION_MODE = wholemodule;
				SWIFT_OPTIMIZATION_LEVEL = "-O";
				VALIDATE_PRODUCT = YES;
			};
			name = Release;
		};
		1448113D2AEAADF400582F76 /* Debug */ = {
			isa = XCBuildConfiguration;
			buildSettings = {
				ASSETCATALOG_COMPILER_APPICON_NAME = AppIcon;
				ASSETCATALOG_COMPILER_GLOBAL_ACCENT_COLOR_NAME = AccentColor;
				CODE_SIGN_STYLE = Automatic;
				CURRENT_PROJECT_VERSION = 1;
				DEVELOPMENT_TEAM = SZURQ69PCN;
				GENERATE_INFOPLIST_FILE = YES;
				INFOPLIST_FILE = SaveNotes/Info.plist;
				INFOPLIST_KEY_UIApplicationSupportsIndirectInputEvents = YES;
				INFOPLIST_KEY_UILaunchStoryboardName = LaunchScreen;
				INFOPLIST_KEY_UIMainStoryboardFile = Main;
				INFOPLIST_KEY_UISupportedInterfaceOrientations_iPad = "UIInterfaceOrientationPortrait UIInterfaceOrientationPortraitUpsideDown UIInterfaceOrientationLandscapeLeft UIInterfaceOrientationLandscapeRight";
				INFOPLIST_KEY_UISupportedInterfaceOrientations_iPhone = "UIInterfaceOrientationPortrait UIInterfaceOrientationLandscapeLeft UIInterfaceOrientationLandscapeRight";
				LD_RUNPATH_SEARCH_PATHS = (
					"$(inherited)",
					"@executable_path/Frameworks",
				);
				MARKETING_VERSION = 1.0;
				PRODUCT_BUNDLE_IDENTIFIER = clc.SaveNotes;
				PRODUCT_NAME = "$(TARGET_NAME)";
				SWIFT_EMIT_LOC_STRINGS = YES;
				SWIFT_VERSION = 5.0;
				TARGETED_DEVICE_FAMILY = "1,2";
			};
			name = Debug;
		};
		1448113E2AEAADF400582F76 /* Release */ = {
			isa = XCBuildConfiguration;
			buildSettings = {
				ASSETCATALOG_COMPILER_APPICON_NAME = AppIcon;
				ASSETCATALOG_COMPILER_GLOBAL_ACCENT_COLOR_NAME = AccentColor;
				CODE_SIGN_STYLE = Automatic;
				CURRENT_PROJECT_VERSION = 1;
				DEVELOPMENT_TEAM = SZURQ69PCN;
				GENERATE_INFOPLIST_FILE = YES;
				INFOPLIST_FILE = SaveNotes/Info.plist;
				INFOPLIST_KEY_UIApplicationSupportsIndirectInputEvents = YES;
				INFOPLIST_KEY_UILaunchStoryboardName = LaunchScreen;
				INFOPLIST_KEY_UIMainStoryboardFile = Main;
				INFOPLIST_KEY_UISupportedInterfaceOrientations_iPad = "UIInterfaceOrientationPortrait UIInterfaceOrientationPortraitUpsideDown UIInterfaceOrientationLandscapeLeft UIInterfaceOrientationLandscapeRight";
				INFOPLIST_KEY_UISupportedInterfaceOrientations_iPhone = "UIInterfaceOrientationPortrait UIInterfaceOrientationLandscapeLeft UIInterfaceOrientationLandscapeRight";
				LD_RUNPATH_SEARCH_PATHS = (
					"$(inherited)",
					"@executable_path/Frameworks",
				);
				MARKETING_VERSION = 1.0;
				PRODUCT_BUNDLE_IDENTIFIER = clc.SaveNotes;
				PRODUCT_NAME = "$(TARGET_NAME)";
				SWIFT_EMIT_LOC_STRINGS = YES;
				SWIFT_VERSION = 5.0;
				TARGETED_DEVICE_FAMILY = "1,2";
			};
			name = Release;
		};
		144811402AEAADF400582F76 /* Debug */ = {
			isa = XCBuildConfiguration;
			buildSettings = {
				ALWAYS_EMBED_SWIFT_STANDARD_LIBRARIES = YES;
				BUNDLE_LOADER = "$(TEST_HOST)";
				CODE_SIGN_STYLE = Automatic;
				CURRENT_PROJECT_VERSION = 1;
				DEVELOPMENT_TEAM = SZURQ69PCN;
				GENERATE_INFOPLIST_FILE = YES;
				IPHONEOS_DEPLOYMENT_TARGET = 16.4;
				MARKETING_VERSION = 1.0;
				PRODUCT_BUNDLE_IDENTIFIER = clc.SaveNotesTests;
				PRODUCT_NAME = "$(TARGET_NAME)";
				SWIFT_EMIT_LOC_STRINGS = NO;
				SWIFT_VERSION = 5.0;
				TARGETED_DEVICE_FAMILY = "1,2";
				TEST_HOST = "$(BUILT_PRODUCTS_DIR)/SaveNotes.app/$(BUNDLE_EXECUTABLE_FOLDER_PATH)/SaveNotes";
			};
			name = Debug;
		};
		144811412AEAADF400582F76 /* Release */ = {
			isa = XCBuildConfiguration;
			buildSettings = {
				ALWAYS_EMBED_SWIFT_STANDARD_LIBRARIES = YES;
				BUNDLE_LOADER = "$(TEST_HOST)";
				CODE_SIGN_STYLE = Automatic;
				CURRENT_PROJECT_VERSION = 1;
				DEVELOPMENT_TEAM = SZURQ69PCN;
				GENERATE_INFOPLIST_FILE = YES;
				IPHONEOS_DEPLOYMENT_TARGET = 16.4;
				MARKETING_VERSION = 1.0;
				PRODUCT_BUNDLE_IDENTIFIER = clc.SaveNotesTests;
				PRODUCT_NAME = "$(TARGET_NAME)";
				SWIFT_EMIT_LOC_STRINGS = NO;
				SWIFT_VERSION = 5.0;
				TARGETED_DEVICE_FAMILY = "1,2";
				TEST_HOST = "$(BUILT_PRODUCTS_DIR)/SaveNotes.app/$(BUNDLE_EXECUTABLE_FOLDER_PATH)/SaveNotes";
			};
			name = Release;
		};
		144811432AEAADF400582F76 /* Debug */ = {
			isa = XCBuildConfiguration;
			buildSettings = {
				ALWAYS_EMBED_SWIFT_STANDARD_LIBRARIES = YES;
				CODE_SIGN_STYLE = Automatic;
				CURRENT_PROJECT_VERSION = 1;
				DEVELOPMENT_TEAM = SZURQ69PCN;
				GENERATE_INFOPLIST_FILE = YES;
				MARKETING_VERSION = 1.0;
				PRODUCT_BUNDLE_IDENTIFIER = clc.SaveNotesUITests;
				PRODUCT_NAME = "$(TARGET_NAME)";
				SWIFT_EMIT_LOC_STRINGS = NO;
				SWIFT_VERSION = 5.0;
				TARGETED_DEVICE_FAMILY = "1,2";
				TEST_TARGET_NAME = SaveNotes;
			};
			name = Debug;
		};
		144811442AEAADF400582F76 /* Release */ = {
			isa = XCBuildConfiguration;
			buildSettings = {
				ALWAYS_EMBED_SWIFT_STANDARD_LIBRARIES = YES;
				CODE_SIGN_STYLE = Automatic;
				CURRENT_PROJECT_VERSION = 1;
				DEVELOPMENT_TEAM = SZURQ69PCN;
				GENERATE_INFOPLIST_FILE = YES;
				MARKETING_VERSION = 1.0;
				PRODUCT_BUNDLE_IDENTIFIER = clc.SaveNotesUITests;
				PRODUCT_NAME = "$(TARGET_NAME)";
				SWIFT_EMIT_LOC_STRINGS = NO;
				SWIFT_VERSION = 5.0;
				TARGETED_DEVICE_FAMILY = "1,2";
				TEST_TARGET_NAME = SaveNotes;
			};
			name = Release;
		};
/* End XCBuildConfiguration section */

/* Begin XCConfigurationList section */
		1448110A2AEAADF300582F76 /* Build configuration list for PBXProject "SaveNotes" */ = {
			isa = XCConfigurationList;
			buildConfigurations = (
				1448113A2AEAADF400582F76 /* Debug */,
				1448113B2AEAADF400582F76 /* Release */,
			);
			defaultConfigurationIsVisible = 0;
			defaultConfigurationName = Release;
		};
		1448113C2AEAADF400582F76 /* Build configuration list for PBXNativeTarget "SaveNotes" */ = {
			isa = XCConfigurationList;
			buildConfigurations = (
				1448113D2AEAADF400582F76 /* Debug */,
				1448113E2AEAADF400582F76 /* Release */,
			);
			defaultConfigurationIsVisible = 0;
			defaultConfigurationName = Release;
		};
		1448113F2AEAADF400582F76 /* Build configuration list for PBXNativeTarget "SaveNotesTests" */ = {
			isa = XCConfigurationList;
			buildConfigurations = (
				144811402AEAADF400582F76 /* Debug */,
				144811412AEAADF400582F76 /* Release */,
			);
			defaultConfigurationIsVisible = 0;
			defaultConfigurationName = Release;
		};
		144811422AEAADF400582F76 /* Build configuration list for PBXNativeTarget "SaveNotesUITests" */ = {
			isa = XCConfigurationList;
			buildConfigurations = (
				144811432AEAADF400582F76 /* Debug */,
				144811442AEAADF400582F76 /* Release */,
			);
			defaultConfigurationIsVisible = 0;
			defaultConfigurationName = Release;
		};
/* End XCConfigurationList section */

/* Begin XCVersionGroup section */
		1448111B2AEAADF300582F76 /* SaveNotes.xcdatamodeld */ = {
			isa = XCVersionGroup;
			children = (
				1448111C2AEAADF300582F76 /* SaveNotes.xcdatamodel */,
			);
			currentVersion = 1448111C2AEAADF300582F76 /* SaveNotes.xcdatamodel */;
			path = SaveNotes.xcdatamodeld;
			sourceTree = "<group>";
			versionGroupType = wrapper.xcdatamodel;
		};
/* End XCVersionGroup section */
	};
	rootObject = 144811072AEAADF300582F76 /* Project object */;
}
